{
  "name": "find-job-covid-19",
  "version": "0.1.0",
  "lockfileVersion": 2,
  "requires": true,
  "packages": {
    "": {
      "version": "0.1.0",
      "dependencies": {
        "@tiki.vn/tini-ui": "^0.1.1"
      }
    },
    "node_modules/@tiki.vn/tini-style": {
      "version": "0.1.1",
      "resolved": "https://registry.npmjs.org/@tiki.vn/tini-style/-/tini-style-0.1.1.tgz",
      "integrity": "sha512-V0JVBhsYmQ7Ue/NZ770Do6SxnJ2uvchAu13Y2pGkSXgfNflLhAY7r/I8QOyfOxvFhlaMLLH4i1KF6amk+vw9NA=="
    },
    "node_modules/@tiki.vn/tini-ui": {
      "version": "0.1.1",
      "resolved": "https://registry.npmjs.org/@tiki.vn/tini-ui/-/tini-ui-0.1.1.tgz",
      "integrity": "sha512-4H4z1Vrxo9UdA64o0y4lvbtb/y8z0ZyD9dZIDUrR0bIymx/3Dh0IpZCdZNolqwNQ9YlECisJjSn4Id+RIrSzdA==",
      "dependencies": {
        "@tiki.vn/tini-style": "0.1.1"
      }
    }
  },
  "dependencies": {
    "@tiki.vn/tini-style": {
      "version": "0.1.1",
      "resolved": "https://registry.npmjs.org/@tiki.vn/tini-style/-/tini-style-0.1.1.tgz",
      "integrity": "sha512-V0JVBhsYmQ7Ue/NZ770Do6SxnJ2uvchAu13Y2pGkSXgfNflLhAY7r/I8QOyfOxvFhlaMLLH4i1KF6amk+vw9NA=="
    },
    "@tiki.vn/tini-ui": {
      "version": "0.1.1",
      "resolved": "https://registry.npmjs.org/@tiki.vn/tini-ui/-/tini-ui-0.1.1.tgz",
      "integrity": "sha512-4H4z1Vrxo9UdA64o0y4lvbtb/y8z0ZyD9dZIDUrR0bIymx/3Dh0IpZCdZNolqwNQ9YlECisJjSn4Id+RIrSzdA==",
      "requires": {
        "@tiki.vn/tini-style": "0.1.1"
      }
    }
  }
}
